
Microsoft Visual Studio Solution File, Format Version 12.00
# Visual Studio Version 16
VisualStudioVersion = 16.6.30114.105
MinimumVisualStudioVersion = 10.0.40219.1
Project("{FAE04EC0-301F-11D3-BF4B-00C04F79EFBC}") = "GameTOP", "GameTOP\GameTOP.csproj", "{850DEBB6-F0D2-4A13-946B-F65D6DE498FD}"
EndProject
Project("{FAE04EC0-301F-11D3-BF4B-00C04F79EFBC}") = "GameTOP.Lib", "GameTOP.Lib\GameTOP.Lib.csproj", "{B31167B7-388C-4ED7-B78C-7DEA76FE052B}"
EndProject
Project("{FAE04EC0-301F-11D3-BF4B-00C04F79EFBC}") = "GameTOP.Interface", "GameTOP.Interface\GameTOP.Interface.csproj", "{38B8C897-B960-432A-97E6-6FD54B267F78}"
EndProject
Global
	GlobalSection(SolutionConfigurationPlatforms) = preSolution
		Debug|Any CPU = Debug|Any CPU
		Debug|x64 = Debug|x64
		Debug|x86 = Debug|x86
		Release|Any CPU = Release|Any CPU
		Release|x64 = Release|x64
		Release|x86 = Release|x86
	EndGlobalSection
	GlobalSection(SolutionProperties) = preSolution
		HideSolutionNode = FALSE
	EndGlobalSection
	GlobalSection(ProjectConfigurationPlatforms) = postSolution
		{850DEBB6-F0D2-4A13-946B-F65D6DE498FD}.Debug|Any CPU.ActiveCfg = Debug|Any CPU
		{850DEBB6-F0D2-4A13-946B-F65D6DE498FD}.Debug|Any CPU.Build.0 = Debug|Any CPU
		{850DEBB6-F0D2-4A13-946B-F65D6DE498FD}.Debug|x64.ActiveCfg = Debug|Any CPU
		{850DEBB6-F0D2-4A13-946B-F65D6DE498FD}.Debug|x64.Build.0 = Debug|Any CPU
		{850DEBB6-F0D2-4A13-946B-F65D6DE498FD}.Debug|x86.ActiveCfg = Debug|Any CPU
		{850DEBB6-F0D2-4A13-946B-F65D6DE498FD}.Debug|x86.Build.0 = Debug|Any CPU
		{850DEBB6-F0D2-4A13-946B-F65D6DE498FD}.Release|Any CPU.ActiveCfg = Release|Any CPU
		{850DEBB6-F0D2-4A13-946B-F65D6DE498FD}.Release|Any CPU.Build.0 = Release|Any CPU
		{850DEBB6-F0D2-4A13-946B-F65D6DE498FD}.Release|x64.ActiveCfg = Release|Any CPU
		{850DEBB6-F0D2-4A13-946B-F65D6DE498FD}.Release|x64.Build.0 = Release|Any CPU
		{850DEBB6-F0D2-4A13-946B-F65D6DE498FD}.Release|x86.ActiveCfg = Release|Any CPU
		{850DEBB6-F0D2-4A13-946B-F65D6DE498FD}.Release|x86.Build.0 = Release|Any CPU
		{B31167B7-388C-4ED7-B78C-7DEA76FE052B}.Debug|Any CPU.ActiveCfg = Debug|Any CPU
		{B31167B7-388C-4ED7-B78C-7DEA76FE052B}.Debug|Any CPU.Build.0 = Debug|Any CPU
		{B31167B7-388C-4ED7-B78C-7DEA76FE052B}.Debug|x64.ActiveCfg = Debug|Any CPU
		{B31167B7-388C-4ED7-B78C-7DEA76FE052B}.Debug|x64.Build.0 = Debug|Any CPU
		{B31167B7-388C-4ED7-B78C-7DEA76FE052B}.Debug|x86.ActiveCfg = Debug|Any CPU
		{B31167B7-388C-4ED7-B78C-7DEA76FE052B}.Debug|x86.Build.0 = Debug|Any CPU
		{B31167B7-388C-4ED7-B78C-7DEA76FE052B}.Release|Any CPU.ActiveCfg = Release|Any CPU
		{B31167B7-388C-4ED7-B78C-7DEA76FE052B}.Release|Any CPU.Build.0 = Release|Any CPU
		{B31167B7-388C-4ED7-B78C-7DEA76FE052B}.Release|x64.ActiveCfg = Release|Any CPU
		{B31167B7-388C-4ED7-B78C-7DEA76FE052B}.Release|x64.Build.0 = Release|Any CPU
		{B31167B7-388C-4ED7-B78C-7DEA76FE052B}.Release|x86.ActiveCfg = Release|Any CPU
		{B31167B7-388C-4ED7-B78C-7DEA76FE052B}.Release|x86.Build.0 = Release|Any CPU
		{38B8C897-B960-432A-97E6-6FD54B267F78}.Debug|Any CPU.ActiveCfg = Debug|Any CPU
		{38B8C897-B960-432A-97E6-6FD54B267F78}.Debug|Any CPU.Build.0 = Debug|Any CPU
		{38B8C897-B960-432A-97E6-6FD54B267F78}.Debug|x64.ActiveCfg = Debug|Any CPU
		{38B8C897-B960-432A-97E6-6FD54B267F78}.Debug|x64.Build.0 = Debug|Any CPU
		{38B8C897-B960-432A-97E6-6FD54B267F78}.Debug|x86.ActiveCfg = Debug|Any CPU
		{38B8C897-B960-432A-97E6-6FD54B267F78}.Debug|x86.Build.0 = Debug|Any CPU
		{38B8C897-B960-432A-97E6-6FD54B267F78}.Release|Any CPU.ActiveCfg = Release|Any CPU
		{38B8C897-B960-432A-97E6-6FD54B267F78}.Release|Any CPU.Build.0 = Release|Any CPU
		{38B8C897-B960-432A-97E6-6FD54B267F78}.Release|x64.ActiveCfg = Release|Any CPU
		{38B8C897-B960-432A-97E6-6FD54B267F78}.Release|x64.Build.0 = Release|Any CPU
		{38B8C897-B960-432A-97E6-6FD54B267F78}.Release|x86.ActiveCfg = Release|Any CPU
		{38B8C897-B960-432A-97E6-6FD54B267F78}.Release|x86.Build.0 = Release|Any CPU
	EndGlobalSection
EndGlobal
