
Microsoft Visual Studio Solution File, Format Version 12.00
# Visual Studio Version 16
VisualStudioVersion = 16.6.30114.105
MinimumVisualStudioVersion = 10.0.40219.1
Project("{FAE04EC0-301F-11D3-BF4B-00C04F79EFBC}") = "GameTOP", "GameTOP\GameTOP.csproj", "{04F992E3-D8CA-4631-9542-B1F0F9FBA8FD}"
EndProject
Project("{FAE04EC0-301F-11D3-BF4B-00C04F79EFBC}") = "GameTOP.lib", "GameTOP.lib\GameTOP.lib.csproj", "{B07A938C-FFBC-4945-885F-47C1D1A1B6CB}"
EndProject
Project("{FAE04EC0-301F-11D3-BF4B-00C04F79EFBC}") = "GameTOP.Interface", "GameTOP.Interface\GameTOP.Interface.csproj", "{E61314BC-0FB2-438B-8CEA-6612ACF57327}"
EndProject
Global
	GlobalSection(SolutionConfigurationPlatforms) = preSolution
		Debug|Any CPU = Debug|Any CPU
		Debug|x64 = Debug|x64
		Debug|x86 = Debug|x86
		Release|Any CPU = Release|Any CPU
		Release|x64 = Release|x64
		Release|x86 = Release|x86
	EndGlobalSection
	GlobalSection(SolutionProperties) = preSolution
		HideSolutionNode = FALSE
	EndGlobalSection
	GlobalSection(ProjectConfigurationPlatforms) = postSolution
		{04F992E3-D8CA-4631-9542-B1F0F9FBA8FD}.Debug|Any CPU.ActiveCfg = Debug|Any CPU
		{04F992E3-D8CA-4631-9542-B1F0F9FBA8FD}.Debug|Any CPU.Build.0 = Debug|Any CPU
		{04F992E3-D8CA-4631-9542-B1F0F9FBA8FD}.Debug|x64.ActiveCfg = Debug|Any CPU
		{04F992E3-D8CA-4631-9542-B1F0F9FBA8FD}.Debug|x64.Build.0 = Debug|Any CPU
		{04F992E3-D8CA-4631-9542-B1F0F9FBA8FD}.Debug|x86.ActiveCfg = Debug|Any CPU
		{04F992E3-D8CA-4631-9542-B1F0F9FBA8FD}.Debug|x86.Build.0 = Debug|Any CPU
		{04F992E3-D8CA-4631-9542-B1F0F9FBA8FD}.Release|Any CPU.ActiveCfg = Release|Any CPU
		{04F992E3-D8CA-4631-9542-B1F0F9FBA8FD}.Release|Any CPU.Build.0 = Release|Any CPU
		{04F992E3-D8CA-4631-9542-B1F0F9FBA8FD}.Release|x64.ActiveCfg = Release|Any CPU
		{04F992E3-D8CA-4631-9542-B1F0F9FBA8FD}.Release|x64.Build.0 = Release|Any CPU
		{04F992E3-D8CA-4631-9542-B1F0F9FBA8FD}.Release|x86.ActiveCfg = Release|Any CPU
		{04F992E3-D8CA-4631-9542-B1F0F9FBA8FD}.Release|x86.Build.0 = Release|Any CPU
		{B07A938C-FFBC-4945-885F-47C1D1A1B6CB}.Debug|Any CPU.ActiveCfg = Debug|Any CPU
		{B07A938C-FFBC-4945-885F-47C1D1A1B6CB}.Debug|Any CPU.Build.0 = Debug|Any CPU
		{B07A938C-FFBC-4945-885F-47C1D1A1B6CB}.Debug|x64.ActiveCfg = Debug|Any CPU
		{B07A938C-FFBC-4945-885F-47C1D1A1B6CB}.Debug|x64.Build.0 = Debug|Any CPU
		{B07A938C-FFBC-4945-885F-47C1D1A1B6CB}.Debug|x86.ActiveCfg = Debug|Any CPU
		{B07A938C-FFBC-4945-885F-47C1D1A1B6CB}.Debug|x86.Build.0 = Debug|Any CPU
		{B07A938C-FFBC-4945-885F-47C1D1A1B6CB}.Release|Any CPU.ActiveCfg = Release|Any CPU
		{B07A938C-FFBC-4945-885F-47C1D1A1B6CB}.Release|Any CPU.Build.0 = Release|Any CPU
		{B07A938C-FFBC-4945-885F-47C1D1A1B6CB}.Release|x64.ActiveCfg = Release|Any CPU
		{B07A938C-FFBC-4945-885F-47C1D1A1B6CB}.Release|x64.Build.0 = Release|Any CPU
		{B07A938C-FFBC-4945-885F-47C1D1A1B6CB}.Release|x86.ActiveCfg = Release|Any CPU
		{B07A938C-FFBC-4945-885F-47C1D1A1B6CB}.Release|x86.Build.0 = Release|Any CPU
		{E61314BC-0FB2-438B-8CEA-6612ACF57327}.Debug|Any CPU.ActiveCfg = Debug|Any CPU
		{E61314BC-0FB2-438B-8CEA-6612ACF57327}.Debug|Any CPU.Build.0 = Debug|Any CPU
		{E61314BC-0FB2-438B-8CEA-6612ACF57327}.Debug|x64.ActiveCfg = Debug|Any CPU
		{E61314BC-0FB2-438B-8CEA-6612ACF57327}.Debug|x64.Build.0 = Debug|Any CPU
		{E61314BC-0FB2-438B-8CEA-6612ACF57327}.Debug|x86.ActiveCfg = Debug|Any CPU
		{E61314BC-0FB2-438B-8CEA-6612ACF57327}.Debug|x86.Build.0 = Debug|Any CPU
		{E61314BC-0FB2-438B-8CEA-6612ACF57327}.Release|Any CPU.ActiveCfg = Release|Any CPU
		{E61314BC-0FB2-438B-8CEA-6612ACF57327}.Release|Any CPU.Build.0 = Release|Any CPU
		{E61314BC-0FB2-438B-8CEA-6612ACF57327}.Release|x64.ActiveCfg = Release|Any CPU
		{E61314BC-0FB2-438B-8CEA-6612ACF57327}.Release|x64.Build.0 = Release|Any CPU
		{E61314BC-0FB2-438B-8CEA-6612ACF57327}.Release|x86.ActiveCfg = Release|Any CPU
		{E61314BC-0FB2-438B-8CEA-6612ACF57327}.Release|x86.Build.0 = Release|Any CPU
	EndGlobalSection
EndGlobal
